
Microsoft Visual Studio Solution File, Format Version 12.00
# Visual Studio 2015
Project("{FAE04EC0-301F-11D3-BF4B-00C04F79EFBC}") = "Sci-ablo.CSharp", "Sci-ablo.CSharp.csproj", "{70CC70AC-EDA6-E581-E839-D5ACB6A5C077}"
EndProject
Global
	GlobalSection(SolutionConfigurationPlatforms) = preSolution
		Debug|Any CPU = Debug|Any CPU
		Release|Any CPU = Release|Any CPU
	EndGlobalSection
	GlobalSection(ProjectConfigurationPlatforms) = postSolution
		{70CC70AC-EDA6-E581-E839-D5ACB6A5C077}.Debug|Any CPU.ActiveCfg = Debug|Any CPU
		{70CC70AC-EDA6-E581-E839-D5ACB6A5C077}.Debug|Any CPU.Build.0 = Debug|Any CPU
		{70CC70AC-EDA6-E581-E839-D5ACB6A5C077}.Release|Any CPU.ActiveCfg = Release|Any CPU
		{70CC70AC-EDA6-E581-E839-D5ACB6A5C077}.Release|Any CPU.Build.0 = Release|Any CPU
	EndGlobalSection
	GlobalSection(SolutionProperties) = preSolution
		HideSolutionNode = FALSE
	EndGlobalSection
EndGlobal
