
Microsoft Visual Studio Solution File, Format Version 12.00
# Visual Studio 2015
Project("{FAE04EC0-301F-11D3-BF4B-00C04F79EFBC}") = "Sci-ablo", "Sci-ablo.csproj", "{A45E0691-889D-D0F7-CF96-63E1D1F11BCF}"
EndProject
Project("{FAE04EC0-301F-11D3-BF4B-00C04F79EFBC}") = "Sci-ablo.Editor", "Sci-ablo.Editor.csproj", "{C68247A6-7CD7-06FF-E206-916F9EA94EFE}"
EndProject
Global
	GlobalSection(SolutionConfigurationPlatforms) = preSolution
		Debug|Any CPU = Debug|Any CPU
		Release|Any CPU = Release|Any CPU
	EndGlobalSection
	GlobalSection(ProjectConfigurationPlatforms) = postSolution
		{A45E0691-889D-D0F7-CF96-63E1D1F11BCF}.Debug|Any CPU.ActiveCfg = Debug|Any CPU
		{A45E0691-889D-D0F7-CF96-63E1D1F11BCF}.Debug|Any CPU.Build.0 = Debug|Any CPU
		{A45E0691-889D-D0F7-CF96-63E1D1F11BCF}.Release|Any CPU.ActiveCfg = Release|Any CPU
		{A45E0691-889D-D0F7-CF96-63E1D1F11BCF}.Release|Any CPU.Build.0 = Release|Any CPU
		{C68247A6-7CD7-06FF-E206-916F9EA94EFE}.Debug|Any CPU.ActiveCfg = Debug|Any CPU
		{C68247A6-7CD7-06FF-E206-916F9EA94EFE}.Debug|Any CPU.Build.0 = Debug|Any CPU
		{C68247A6-7CD7-06FF-E206-916F9EA94EFE}.Release|Any CPU.ActiveCfg = Release|Any CPU
		{C68247A6-7CD7-06FF-E206-916F9EA94EFE}.Release|Any CPU.Build.0 = Release|Any CPU
	EndGlobalSection
	GlobalSection(SolutionProperties) = preSolution
		HideSolutionNode = FALSE
	EndGlobalSection
EndGlobal
